
Microsoft Visual Studio Solution File, Format Version 12.00
# Visual Studio Version 16
VisualStudioVersion = 25.0.1705.6
MinimumVisualStudioVersion = 10.0.40219.1
Project("{FAE04EC0-301F-11D3-BF4B-00C04F79EFBC}") = "RazorApp", "RazorApp\RazorApp.csproj", "{96562044-7C53-462A-A296-9A66A31A8E15}"
EndProject
Project("{FAE04EC0-301F-11D3-BF4B-00C04F79EFBC}") = "RazorappTests", "RazorappTests\RazorappTests.csproj", "{0E60D25C-B874-4B10-BDF8-39899143523F}"
EndProject
Global
	GlobalSection(SolutionConfigurationPlatforms) = preSolution
		Debug|Any CPU = Debug|Any CPU
		Release|Any CPU = Release|Any CPU
	EndGlobalSection
	GlobalSection(ProjectConfigurationPlatforms) = postSolution
		{96562044-7C53-462A-A296-9A66A31A8E15}.Debug|Any CPU.ActiveCfg = Debug|Any CPU
		{96562044-7C53-462A-A296-9A66A31A8E15}.Debug|Any CPU.Build.0 = Debug|Any CPU
		{96562044-7C53-462A-A296-9A66A31A8E15}.Release|Any CPU.ActiveCfg = Release|Any CPU
		{96562044-7C53-462A-A296-9A66A31A8E15}.Release|Any CPU.Build.0 = Release|Any CPU
		{0E60D25C-B874-4B10-BDF8-39899143523F}.Debug|Any CPU.ActiveCfg = Debug|Any CPU
		{0E60D25C-B874-4B10-BDF8-39899143523F}.Debug|Any CPU.Build.0 = Debug|Any CPU
		{0E60D25C-B874-4B10-BDF8-39899143523F}.Release|Any CPU.ActiveCfg = Release|Any CPU
		{0E60D25C-B874-4B10-BDF8-39899143523F}.Release|Any CPU.Build.0 = Release|Any CPU
	EndGlobalSection
	GlobalSection(SolutionProperties) = preSolution
		HideSolutionNode = FALSE
	EndGlobalSection
	GlobalSection(ExtensibilityGlobals) = postSolution
		SolutionGuid = {32E76D42-D9BC-416D-8D59-4E23132D2FF1}
	EndGlobalSection
EndGlobal
